{
   "name": "com.burning-lab.actionspipeline",
   "version": "1.0.2",
   "lockfileVersion": 2,
   "requires": true,
   "packages": {
      "": {
         "name": "com.burning-lab.actionspipeline",
         "version": "1.0.2",
         "license": "MIT",
         "devDependencies": {
            "com.burning-lab.utils.js-build-utils": "^0.1.10"
         }
      },
      "node_modules/com.burning-lab.utils.js-build-utils": {
         "version": "0.1.10",
         "dev": true
      }
   },
   "dependencies": {
      "com.burning-lab.utils.js-build-utils": {
         "version": "0.1.10",
         "dev": true
      }
   }
}
